
Microsoft Visual Studio Solution File, Format Version 12.00
# Visual Studio 15
VisualStudioVersion = 15.0.26228.9
MinimumVisualStudioVersion = 10.0.40219.1
Project("{FAE04EC0-301F-11D3-BF4B-00C04F79EFBC}") = "Company", "Company\Company.csproj", "{DD5DC588-0407-4D0E-9EC3-C40105A7123F}"
EndProject
Project("{FAE04EC0-301F-11D3-BF4B-00C04F79EFBC}") = "Employee", "Employee\Employee.csproj", "{28A4BB7A-D3EF-43E8-8FCA-D37E9493D3A5}"
EndProject
Global
	GlobalSection(SolutionConfigurationPlatforms) = preSolution
		Debug|Any CPU = Debug|Any CPU
		Release|Any CPU = Release|Any CPU
	EndGlobalSection
	GlobalSection(ProjectConfigurationPlatforms) = postSolution
		{DD5DC588-0407-4D0E-9EC3-C40105A7123F}.Debug|Any CPU.ActiveCfg = Debug|Any CPU
		{DD5DC588-0407-4D0E-9EC3-C40105A7123F}.Debug|Any CPU.Build.0 = Debug|Any CPU
		{DD5DC588-0407-4D0E-9EC3-C40105A7123F}.Release|Any CPU.ActiveCfg = Release|Any CPU
		{DD5DC588-0407-4D0E-9EC3-C40105A7123F}.Release|Any CPU.Build.0 = Release|Any CPU
		{28A4BB7A-D3EF-43E8-8FCA-D37E9493D3A5}.Debug|Any CPU.ActiveCfg = Debug|Any CPU
		{28A4BB7A-D3EF-43E8-8FCA-D37E9493D3A5}.Debug|Any CPU.Build.0 = Debug|Any CPU
		{28A4BB7A-D3EF-43E8-8FCA-D37E9493D3A5}.Release|Any CPU.ActiveCfg = Release|Any CPU
		{28A4BB7A-D3EF-43E8-8FCA-D37E9493D3A5}.Release|Any CPU.Build.0 = Release|Any CPU
	EndGlobalSection
	GlobalSection(SolutionProperties) = preSolution
		HideSolutionNode = FALSE
	EndGlobalSection
EndGlobal
